// !$*UTF8*$!
{
	archiveVersion = 1;
	classes = {
	};
	objectVersion = 46;
	objects = {

/* Begin PBXBuildFile section */
		50D5298E1B848385006AAA2F /* main.m in Sources */ = {isa = PBXBuildFile; fileRef = 50D5298D1B848385006AAA2F /* main.m */; };
		50D529911B848385006AAA2F /* AppDelegate.m in Sources */ = {isa = PBXBuildFile; fileRef = 50D529901B848385006AAA2F /* AppDelegate.m */; };
		50D529941B848385006AAA2F /* MPGTableViewController.m in Sources */ = {isa = PBXBuildFile; fileRef = 50D529931B848385006AAA2F /* MPGTableViewController.m */; };
		50D529971B848385006AAA2F /* Main.storyboard in Resources */ = {isa = PBXBuildFile; fileRef = 50D529951B848385006AAA2F /* Main.storyboard */; };
		50D529991B848385006AAA2F /* Images.xcassets in Resources */ = {isa = PBXBuildFile; fileRef = 50D529981B848385006AAA2F /* Images.xcassets */; };
		50D5299C1B848385006AAA2F /* LaunchScreen.xib in Resources */ = {isa = PBXBuildFile; fileRef = 50D5299A1B848385006AAA2F /* LaunchScreen.xib */; };
		50D529A81B848385006AAA2F /* My_Photo_GalleryTests.m in Sources */ = {isa = PBXBuildFile; fileRef = 50D529A71B848385006AAA2F /* My_Photo_GalleryTests.m */; };
		50D529B31B849C8F006AAA2F /* MPGTableViewCell.m in Sources */ = {isa = PBXBuildFile; fileRef = 50D529B21B849C8F006AAA2F /* MPGTableViewCell.m */; };
		50D529B61B84B846006AAA2F /* MPGPhoto.m in Sources */ = {isa = PBXBuildFile; fileRef = 50D529B51B84B846006AAA2F /* MPGPhoto.m */; };
		50D529B91B84BBF6006AAA2F /* MPGGallery.m in Sources */ = {isa = PBXBuildFile; fileRef = 50D529B81B84BBF6006AAA2F /* MPGGallery.m */; };
		50D529D91B84DB13006AAA2F /* Camera-in-the-roses.jpg in Resources */ = {isa = PBXBuildFile; fileRef = 50D529CF1B84DB13006AAA2F /* Camera-in-the-roses.jpg */; };
		50D529DA1B84DB13006AAA2F /* Long-dock.jpg in Resources */ = {isa = PBXBuildFile; fileRef = 50D529D01B84DB13006AAA2F /* Long-dock.jpg */; };
		50D529DB1B84DB13006AAA2F /* Long-exit.jpg in Resources */ = {isa = PBXBuildFile; fileRef = 50D529D11B84DB13006AAA2F /* Long-exit.jpg */; };
		50D529DC1B84DB13006AAA2F /* Moon-phases.jpg in Resources */ = {isa = PBXBuildFile; fileRef = 50D529D21B84DB13006AAA2F /* Moon-phases.jpg */; };
		50D529DD1B84DB13006AAA2F /* Old-man.jpg in Resources */ = {isa = PBXBuildFile; fileRef = 50D529D31B84DB13006AAA2F /* Old-man.jpg */; };
		50D529DE1B84DB13006AAA2F /* Road.jpeg in Resources */ = {isa = PBXBuildFile; fileRef = 50D529D41B84DB13006AAA2F /* Road.jpeg */; };
		50D529DF1B84DB13006AAA2F /* seats.jpg in Resources */ = {isa = PBXBuildFile; fileRef = 50D529D51B84DB13006AAA2F /* seats.jpg */; };
		50D529E01B84DB13006AAA2F /* Skater.jpg in Resources */ = {isa = PBXBuildFile; fileRef = 50D529D61B84DB13006AAA2F /* Skater.jpg */; };
		50D529E11B84DB13006AAA2F /* Trees-in-the-lake.jpg in Resources */ = {isa = PBXBuildFile; fileRef = 50D529D71B84DB13006AAA2F /* Trees-in-the-lake.jpg */; };
		50D529E21B84DB13006AAA2F /* Windows-behind-the-tree.jpg in Resources */ = {isa = PBXBuildFile; fileRef = 50D529D81B84DB13006AAA2F /* Windows-behind-the-tree.jpg */; };
/* End PBXBuildFile section */

/* Begin PBXContainerItemProxy section */
		50D529A21B848385006AAA2F /* PBXContainerItemProxy */ = {
			isa = PBXContainerItemProxy;
			containerPortal = 50D529801B848384006AAA2F /* Project object */;
			proxyType = 1;
			remoteGlobalIDString = 50D529871B848384006AAA2F;
			remoteInfo = "My Photo Gallery";
		};
/* End PBXContainerItemProxy section */

/* Begin PBXFileReference section */
		50D529881B848384006AAA2F /* My Photo Gallery.app */ = {isa = PBXFileReference; explicitFileType = wrapper.application; includeInIndex = 0; path = "My Photo Gallery.app"; sourceTree = BUILT_PRODUCTS_DIR; };
		50D5298C1B848385006AAA2F /* Info.plist */ = {isa = PBXFileReference; lastKnownFileType = text.plist.xml; path = Info.plist; sourceTree = "<group>"; };
		50D5298D1B848385006AAA2F /* main.m */ = {isa = PBXFileReference; lastKnownFileType = sourcecode.c.objc; path = main.m; sourceTree = "<group>"; };
		50D5298F1B848385006AAA2F /* AppDelegate.h */ = {isa = PBXFileReference; lastKnownFileType = sourcecode.c.h; path = AppDelegate.h; sourceTree = "<group>"; };
		50D529901B848385006AAA2F /* AppDelegate.m */ = {isa = PBXFileReference; lastKnownFileType = sourcecode.c.objc; path = AppDelegate.m; sourceTree = "<group>"; };
		50D529921B848385006AAA2F /* MPGTableViewController.h */ = {isa = PBXFileReference; lastKnownFileType = sourcecode.c.h; path = MPGTableViewController.h; sourceTree = "<group>"; };
		50D529931B848385006AAA2F /* MPGTableViewController.m */ = {isa = PBXFileReference; lastKnownFileType = sourcecode.c.objc; path = MPGTableViewController.m; sourceTree = "<group>"; };
		50D529961B848385006AAA2F /* Base */ = {isa = PBXFileReference; lastKnownFileType = file.storyboard; name = Base; path = Base.lproj/Main.storyboard; sourceTree = "<group>"; };
		50D529981B848385006AAA2F /* Images.xcassets */ = {isa = PBXFileReference; lastKnownFileType = folder.assetcatalog; path = Images.xcassets; sourceTree = "<group>"; };
		50D5299B1B848385006AAA2F /* Base */ = {isa = PBXFileReference; lastKnownFileType = file.xib; name = Base; path = Base.lproj/LaunchScreen.xib; sourceTree = "<group>"; };
		50D529A11B848385006AAA2F /* My Photo GalleryTests.xctest */ = {isa = PBXFileReference; explicitFileType = wrapper.cfbundle; includeInIndex = 0; path = "My Photo GalleryTests.xctest"; sourceTree = BUILT_PRODUCTS_DIR; };
		50D529A61B848385006AAA2F /* Info.plist */ = {isa = PBXFileReference; lastKnownFileType = text.plist.xml; path = Info.plist; sourceTree = "<group>"; };
		50D529A71B848385006AAA2F /* My_Photo_GalleryTests.m */ = {isa = PBXFileReference; lastKnownFileType = sourcecode.c.objc; path = My_Photo_GalleryTests.m; sourceTree = "<group>"; };
		50D529B11B849C8F006AAA2F /* MPGTableViewCell.h */ = {isa = PBXFileReference; fileEncoding = 4; lastKnownFileType = sourcecode.c.h; path = MPGTableViewCell.h; sourceTree = "<group>"; };
		50D529B21B849C8F006AAA2F /* MPGTableViewCell.m */ = {isa = PBXFileReference; fileEncoding = 4; lastKnownFileType = sourcecode.c.objc; path = MPGTableViewCell.m; sourceTree = "<group>"; };
		50D529B41B84B846006AAA2F /* MPGPhoto.h */ = {isa = PBXFileReference; fileEncoding = 4; lastKnownFileType = sourcecode.c.h; path = MPGPhoto.h; sourceTree = "<group>"; };
		50D529B51B84B846006AAA2F /* MPGPhoto.m */ = {isa = PBXFileReference; fileEncoding = 4; lastKnownFileType = sourcecode.c.objc; path = MPGPhoto.m; sourceTree = "<group>"; };
		50D529B71B84BBF6006AAA2F /* MPGGallery.h */ = {isa = PBXFileReference; fileEncoding = 4; lastKnownFileType = sourcecode.c.h; path = MPGGallery.h; sourceTree = "<group>"; };
		50D529B81B84BBF6006AAA2F /* MPGGallery.m */ = {isa = PBXFileReference; fileEncoding = 4; lastKnownFileType = sourcecode.c.objc; path = MPGGallery.m; sourceTree = "<group>"; };
		50D529CF1B84DB13006AAA2F /* Camera-in-the-roses.jpg */ = {isa = PBXFileReference; lastKnownFileType = image.jpeg; path = "Camera-in-the-roses.jpg"; sourceTree = "<group>"; };
		50D529D01B84DB13006AAA2F /* Long-dock.jpg */ = {isa = PBXFileReference; lastKnownFileType = image.jpeg; path = "Long-dock.jpg"; sourceTree = "<group>"; };
		50D529D11B84DB13006AAA2F /* Long-exit.jpg */ = {isa = PBXFileReference; lastKnownFileType = image.jpeg; path = "Long-exit.jpg"; sourceTree = "<group>"; };
		50D529D21B84DB13006AAA2F /* Moon-phases.jpg */ = {isa = PBXFileReference; lastKnownFileType = image.jpeg; path = "Moon-phases.jpg"; sourceTree = "<group>"; };
		50D529D31B84DB13006AAA2F /* Old-man.jpg */ = {isa = PBXFileReference; lastKnownFileType = image.jpeg; path = "Old-man.jpg"; sourceTree = "<group>"; };
		50D529D41B84DB13006AAA2F /* Road.jpeg */ = {isa = PBXFileReference; lastKnownFileType = image.jpeg; path = Road.jpeg; sourceTree = "<group>"; };
		50D529D51B84DB13006AAA2F /* seats.jpg */ = {isa = PBXFileReference; lastKnownFileType = image.jpeg; path = seats.jpg; sourceTree = "<group>"; };
		50D529D61B84DB13006AAA2F /* Skater.jpg */ = {isa = PBXFileReference; lastKnownFileType = image.jpeg; path = Skater.jpg; sourceTree = "<group>"; };
		50D529D71B84DB13006AAA2F /* Trees-in-the-lake.jpg */ = {isa = PBXFileReference; lastKnownFileType = image.jpeg; path = "Trees-in-the-lake.jpg"; sourceTree = "<group>"; };
		50D529D81B84DB13006AAA2F /* Windows-behind-the-tree.jpg */ = {isa = PBXFileReference; lastKnownFileType = image.jpeg; path = "Windows-behind-the-tree.jpg"; sourceTree = "<group>"; };
/* End PBXFileReference section */

/* Begin PBXFrameworksBuildPhase section */
		50D529851B848384006AAA2F /* Frameworks */ = {
			isa = PBXFrameworksBuildPhase;
			buildActionMask = 2147483647;
			files = (
			);
			runOnlyForDeploymentPostprocessing = 0;
		};
		50D5299E1B848385006AAA2F /* Frameworks */ = {
			isa = PBXFrameworksBuildPhase;
			buildActionMask = 2147483647;
			files = (
			);
			runOnlyForDeploymentPostprocessing = 0;
		};
/* End PBXFrameworksBuildPhase section */

/* Begin PBXGroup section */
		50D5297F1B848384006AAA2F = {
			isa = PBXGroup;
			children = (
				50D5298A1B848384006AAA2F /* My Photo Gallery */,
				50D529A41B848385006AAA2F /* My Photo GalleryTests */,
				50D529891B848384006AAA2F /* Products */,
			);
			sourceTree = "<group>";
		};
		50D529891B848384006AAA2F /* Products */ = {
			isa = PBXGroup;
			children = (
				50D529881B848384006AAA2F /* My Photo Gallery.app */,
				50D529A11B848385006AAA2F /* My Photo GalleryTests.xctest */,
			);
			name = Products;
			sourceTree = "<group>";
		};
		50D5298A1B848384006AAA2F /* My Photo Gallery */ = {
			isa = PBXGroup;
			children = (
				50D529B71B84BBF6006AAA2F /* MPGGallery.h */,
				50D529B81B84BBF6006AAA2F /* MPGGallery.m */,
				50D5298F1B848385006AAA2F /* AppDelegate.h */,
				50D529901B848385006AAA2F /* AppDelegate.m */,
				50D529921B848385006AAA2F /* MPGTableViewController.h */,
				50D529931B848385006AAA2F /* MPGTableViewController.m */,
				50D529B41B84B846006AAA2F /* MPGPhoto.h */,
				50D529B51B84B846006AAA2F /* MPGPhoto.m */,
				50D529951B848385006AAA2F /* Main.storyboard */,
				50D529B11B849C8F006AAA2F /* MPGTableViewCell.h */,
				50D529B21B849C8F006AAA2F /* MPGTableViewCell.m */,
				50D529981B848385006AAA2F /* Images.xcassets */,
				50D5299A1B848385006AAA2F /* LaunchScreen.xib */,
				50D529BA1B84D893006AAA2F /* Photos Source */,
				50D5298B1B848385006AAA2F /* Supporting Files */,
			);
			path = "My Photo Gallery";
			sourceTree = "<group>";
		};
		50D5298B1B848385006AAA2F /* Supporting Files */ = {
			isa = PBXGroup;
			children = (
				50D5298C1B848385006AAA2F /* Info.plist */,
				50D5298D1B848385006AAA2F /* main.m */,
			);
			name = "Supporting Files";
			sourceTree = "<group>";
		};
		50D529A41B848385006AAA2F /* My Photo GalleryTests */ = {
			isa = PBXGroup;
			children = (
				50D529A71B848385006AAA2F /* My_Photo_GalleryTests.m */,
				50D529A51B848385006AAA2F /* Supporting Files */,
			);
			path = "My Photo GalleryTests";
			sourceTree = "<group>";
		};
		50D529A51B848385006AAA2F /* Supporting Files */ = {
			isa = PBXGroup;
			children = (
				50D529A61B848385006AAA2F /* Info.plist */,
			);
			name = "Supporting Files";
			sourceTree = "<group>";
		};
		50D529BA1B84D893006AAA2F /* Photos Source */ = {
			isa = PBXGroup;
			children = (
				50D529D21B84DB13006AAA2F /* Moon-phases.jpg */,
				50D529CF1B84DB13006AAA2F /* Camera-in-the-roses.jpg */,
				50D529D01B84DB13006AAA2F /* Long-dock.jpg */,
				50D529D11B84DB13006AAA2F /* Long-exit.jpg */,
				50D529D31B84DB13006AAA2F /* Old-man.jpg */,
				50D529D41B84DB13006AAA2F /* Road.jpeg */,
				50D529D51B84DB13006AAA2F /* seats.jpg */,
				50D529D61B84DB13006AAA2F /* Skater.jpg */,
				50D529D71B84DB13006AAA2F /* Trees-in-the-lake.jpg */,
				50D529D81B84DB13006AAA2F /* Windows-behind-the-tree.jpg */,
			);
			name = "Photos Source";
			sourceTree = "<group>";
		};
/* End PBXGroup section */

/* Begin PBXNativeTarget section */
		50D529871B848384006AAA2F /* My Photo Gallery */ = {
			isa = PBXNativeTarget;
			buildConfigurationList = 50D529AB1B848385006AAA2F /* Build configuration list for PBXNativeTarget "My Photo Gallery" */;
			buildPhases = (
				50D529841B848384006AAA2F /* Sources */,
				50D529851B848384006AAA2F /* Frameworks */,
				50D529861B848384006AAA2F /* Resources */,
			);
			buildRules = (
			);
			dependencies = (
			);
			name = "My Photo Gallery";
			productName = "My Photo Gallery";
			productReference = 50D529881B848384006AAA2F /* My Photo Gallery.app */;
			productType = "com.apple.product-type.application";
		};
		50D529A01B848385006AAA2F /* My Photo GalleryTests */ = {
			isa = PBXNativeTarget;
			buildConfigurationList = 50D529AE1B848385006AAA2F /* Build configuration list for PBXNativeTarget "My Photo GalleryTests" */;
			buildPhases = (
				50D5299D1B848385006AAA2F /* Sources */,
				50D5299E1B848385006AAA2F /* Frameworks */,
				50D5299F1B848385006AAA2F /* Resources */,
			);
			buildRules = (
			);
			dependencies = (
				50D529A31B848385006AAA2F /* PBXTargetDependency */,
			);
			name = "My Photo GalleryTests";
			productName = "My Photo GalleryTests";
			productReference = 50D529A11B848385006AAA2F /* My Photo GalleryTests.xctest */;
			productType = "com.apple.product-type.bundle.unit-test";
		};
/* End PBXNativeTarget section */

/* Begin PBXProject section */
		50D529801B848384006AAA2F /* Project object */ = {
			isa = PBXProject;
			attributes = {
				LastUpgradeCheck = 0640;
				ORGANIZATIONNAME = "Polykoi Rotenberg";
				TargetAttributes = {
					50D529871B848384006AAA2F = {
						CreatedOnToolsVersion = 6.4;
					};
					50D529A01B848385006AAA2F = {
						CreatedOnToolsVersion = 6.4;
						TestTargetID = 50D529871B848384006AAA2F;
					};
				};
			};
			buildConfigurationList = 50D529831B848384006AAA2F /* Build configuration list for PBXProject "My Photo Gallery" */;
			compatibilityVersion = "Xcode 3.2";
			developmentRegion = English;
			hasScannedForEncodings = 0;
			knownRegions = (
				en,
				Base,
			);
			mainGroup = 50D5297F1B848384006AAA2F;
			productRefGroup = 50D529891B848384006AAA2F /* Products */;
			projectDirPath = "";
			projectRoot = "";
			targets = (
				50D529871B848384006AAA2F /* My Photo Gallery */,
				50D529A01B848385006AAA2F /* My Photo GalleryTests */,
			);
		};
/* End PBXProject section */

/* Begin PBXResourcesBuildPhase section */
		50D529861B848384006AAA2F /* Resources */ = {
			isa = PBXResourcesBuildPhase;
			buildActionMask = 2147483647;
			files = (
				50D529971B848385006AAA2F /* Main.storyboard in Resources */,
				50D529DE1B84DB13006AAA2F /* Road.jpeg in Resources */,
				50D5299C1B848385006AAA2F /* LaunchScreen.xib in Resources */,
				50D529E21B84DB13006AAA2F /* Windows-behind-the-tree.jpg in Resources */,
				50D529E11B84DB13006AAA2F /* Trees-in-the-lake.jpg in Resources */,
				50D529DD1B84DB13006AAA2F /* Old-man.jpg in Resources */,
				50D529DF1B84DB13006AAA2F /* seats.jpg in Resources */,
				50D529DC1B84DB13006AAA2F /* Moon-phases.jpg in Resources */,
				50D529D91B84DB13006AAA2F /* Camera-in-the-roses.jpg in Resources */,
				50D529DB1B84DB13006AAA2F /* Long-exit.jpg in Resources */,
				50D529991B848385006AAA2F /* Images.xcassets in Resources */,
				50D529DA1B84DB13006AAA2F /* Long-dock.jpg in Resources */,
				50D529E01B84DB13006AAA2F /* Skater.jpg in Resources */,
			);
			runOnlyForDeploymentPostprocessing = 0;
		};
		50D5299F1B848385006AAA2F /* Resources */ = {
			isa = PBXResourcesBuildPhase;
			buildActionMask = 2147483647;
			files = (
			);
			runOnlyForDeploymentPostprocessing = 0;
		};
/* End PBXResourcesBuildPhase section */

/* Begin PBXSourcesBuildPhase section */
		50D529841B848384006AAA2F /* Sources */ = {
			isa = PBXSourcesBuildPhase;
			buildActionMask = 2147483647;
			files = (
				50D529B61B84B846006AAA2F /* MPGPhoto.m in Sources */,
				50D529B91B84BBF6006AAA2F /* MPGGallery.m in Sources */,
				50D529B31B849C8F006AAA2F /* MPGTableViewCell.m in Sources */,
				50D529941B848385006AAA2F /* MPGTableViewController.m in Sources */,
				50D529911B848385006AAA2F /* AppDelegate.m in Sources */,
				50D5298E1B848385006AAA2F /* main.m in Sources */,
			);
			runOnlyForDeploymentPostprocessing = 0;
		};
		50D5299D1B848385006AAA2F /* Sources */ = {
			isa = PBXSourcesBuildPhase;
			buildActionMask = 2147483647;
			files = (
				50D529A81B848385006AAA2F /* My_Photo_GalleryTests.m in Sources */,
			);
			runOnlyForDeploymentPostprocessing = 0;
		};
/* End PBXSourcesBuildPhase section */

/* Begin PBXTargetDependency section */
		50D529A31B848385006AAA2F /* PBXTargetDependency */ = {
			isa = PBXTargetDependency;
			target = 50D529871B848384006AAA2F /* My Photo Gallery */;
			targetProxy = 50D529A21B848385006AAA2F /* PBXContainerItemProxy */;
		};
/* End PBXTargetDependency section */

/* Begin PBXVariantGroup section */
		50D529951B848385006AAA2F /* Main.storyboard */ = {
			isa = PBXVariantGroup;
			children = (
				50D529961B848385006AAA2F /* Base */,
			);
			name = Main.storyboard;
			sourceTree = "<group>";
		};
		50D5299A1B848385006AAA2F /* LaunchScreen.xib */ = {
			isa = PBXVariantGroup;
			children = (
				50D5299B1B848385006AAA2F /* Base */,
			);
			name = LaunchScreen.xib;
			sourceTree = "<group>";
		};
/* End PBXVariantGroup section */

/* Begin XCBuildConfiguration section */
		50D529A91B848385006AAA2F /* Debug */ = {
			isa = XCBuildConfiguration;
			buildSettings = {
				ALWAYS_SEARCH_USER_PATHS = NO;
				CLANG_CXX_LANGUAGE_STANDARD = "gnu++0x";
				CLANG_CXX_LIBRARY = "libc++";
				CLANG_ENABLE_MODULES = YES;
				CLANG_ENABLE_OBJC_ARC = YES;
				CLANG_WARN_BOOL_CONVERSION = YES;
				CLANG_WARN_CONSTANT_CONVERSION = YES;
				CLANG_WARN_DIRECT_OBJC_ISA_USAGE = YES_ERROR;
				CLANG_WARN_EMPTY_BODY = YES;
				CLANG_WARN_ENUM_CONVERSION = YES;
				CLANG_WARN_INT_CONVERSION = YES;
				CLANG_WARN_OBJC_ROOT_CLASS = YES_ERROR;
				CLANG_WARN_UNREACHABLE_CODE = YES;
				CLANG_WARN__DUPLICATE_METHOD_MATCH = YES;
				"CODE_SIGN_IDENTITY[sdk=iphoneos*]" = "iPhone Developer";
				COPY_PHASE_STRIP = NO;
				DEBUG_INFORMATION_FORMAT = "dwarf-with-dsym";
				ENABLE_STRICT_OBJC_MSGSEND = YES;
				GCC_C_LANGUAGE_STANDARD = gnu99;
				GCC_DYNAMIC_NO_PIC = NO;
				GCC_NO_COMMON_BLOCKS = YES;
				GCC_OPTIMIZATION_LEVEL = 0;
				GCC_PREPROCESSOR_DEFINITIONS = (
					"DEBUG=1",
					"$(inherited)",
				);
				GCC_SYMBOLS_PRIVATE_EXTERN = NO;
				GCC_WARN_64_TO_32_BIT_CONVERSION = YES;
				GCC_WARN_ABOUT_RETURN_TYPE = YES_ERROR;
				GCC_WARN_UNDECLARED_SELECTOR = YES;
				GCC_WARN_UNINITIALIZED_AUTOS = YES_AGGRESSIVE;
				GCC_WARN_UNUSED_FUNCTION = YES;
				GCC_WARN_UNUSED_VARIABLE = YES;
				IPHONEOS_DEPLOYMENT_TARGET = 8.4;
				MTL_ENABLE_DEBUG_INFO = YES;
				ONLY_ACTIVE_ARCH = YES;
				SDKROOT = iphoneos;
				TARGETED_DEVICE_FAMILY = "1,2";
			};
			name = Debug;
		};
		50D529AA1B848385006AAA2F /* Release */ = {
			isa = XCBuildConfiguration;
			buildSettings = {
				ALWAYS_SEARCH_USER_PATHS = NO;
				CLANG_CXX_LANGUAGE_STANDARD = "gnu++0x";
				CLANG_CXX_LIBRARY = "libc++";
				CLANG_ENABLE_MODULES = YES;
				CLANG_ENABLE_OBJC_ARC = YES;
				CLANG_WARN_BOOL_CONVERSION = YES;
				CLANG_WARN_CONSTANT_CONVERSION = YES;
				CLANG_WARN_DIRECT_OBJC_ISA_USAGE = YES_ERROR;
				CLANG_WARN_EMPTY_BODY = YES;
				CLANG_WARN_ENUM_CONVERSION = YES;
				CLANG_WARN_INT_CONVERSION = YES;
				CLANG_WARN_OBJC_ROOT_CLASS = YES_ERROR;
				CLANG_WARN_UNREACHABLE_CODE = YES;
				CLANG_WARN__DUPLICATE_METHOD_MATCH = YES;
				"CODE_SIGN_IDENTITY[sdk=iphoneos*]" = "iPhone Developer";
				COPY_PHASE_STRIP = NO;
				DEBUG_INFORMATION_FORMAT = "dwarf-with-dsym";
				ENABLE_NS_ASSERTIONS = NO;
				ENABLE_STRICT_OBJC_MSGSEND = YES;
				GCC_C_LANGUAGE_STANDARD = gnu99;
				GCC_NO_COMMON_BLOCKS = YES;
				GCC_WARN_64_TO_32_BIT_CONVERSION = YES;
				GCC_WARN_ABOUT_RETURN_TYPE = YES_ERROR;
				GCC_WARN_UNDECLARED_SELECTOR = YES;
				GCC_WARN_UNINITIALIZED_AUTOS = YES_AGGRESSIVE;
				GCC_WARN_UNUSED_FUNCTION = YES;
				GCC_WARN_UNUSED_VARIABLE = YES;
				IPHONEOS_DEPLOYMENT_TARGET = 8.4;
				MTL_ENABLE_DEBUG_INFO = NO;
				SDKROOT = iphoneos;
				TARGETED_DEVICE_FAMILY = "1,2";
				VALIDATE_PRODUCT = YES;
			};
			name = Release;
		};
		50D529AC1B848385006AAA2F /* Debug */ = {
			isa = XCBuildConfiguration;
			buildSettings = {
				ASSETCATALOG_COMPILER_APPICON_NAME = AppIcon;
				INFOPLIST_FILE = "My Photo Gallery/Info.plist";
				LD_RUNPATH_SEARCH_PATHS = "$(inherited) @executable_path/Frameworks";
				PRODUCT_NAME = "$(TARGET_NAME)";
			};
			name = Debug;
		};
		50D529AD1B848385006AAA2F /* Release */ = {
			isa = XCBuildConfiguration;
			buildSettings = {
				ASSETCATALOG_COMPILER_APPICON_NAME = AppIcon;
				INFOPLIST_FILE = "My Photo Gallery/Info.plist";
				LD_RUNPATH_SEARCH_PATHS = "$(inherited) @executable_path/Frameworks";
				PRODUCT_NAME = "$(TARGET_NAME)";
			};
			name = Release;
		};
		50D529AF1B848385006AAA2F /* Debug */ = {
			isa = XCBuildConfiguration;
			buildSettings = {
				BUNDLE_LOADER = "$(TEST_HOST)";
				FRAMEWORK_SEARCH_PATHS = (
					"$(SDKROOT)/Developer/Library/Frameworks",
					"$(inherited)",
				);
				GCC_PREPROCESSOR_DEFINITIONS = (
					"DEBUG=1",
					"$(inherited)",
				);
				INFOPLIST_FILE = "My Photo GalleryTests/Info.plist";
				LD_RUNPATH_SEARCH_PATHS = "$(inherited) @executable_path/Frameworks @loader_path/Frameworks";
				PRODUCT_NAME = "$(TARGET_NAME)";
				TEST_HOST = "$(BUILT_PRODUCTS_DIR)/My Photo Gallery.app/My Photo Gallery";
			};
			name = Debug;
		};
		50D529B01B848385006AAA2F /* Release */ = {
			isa = XCBuildConfiguration;
			buildSettings = {
				BUNDLE_LOADER = "$(TEST_HOST)";
				FRAMEWORK_SEARCH_PATHS = (
					"$(SDKROOT)/Developer/Library/Frameworks",
					"$(inherited)",
				);
				INFOPLIST_FILE = "My Photo GalleryTests/Info.plist";
				LD_RUNPATH_SEARCH_PATHS = "$(inherited) @executable_path/Frameworks @loader_path/Frameworks";
				PRODUCT_NAME = "$(TARGET_NAME)";
				TEST_HOST = "$(BUILT_PRODUCTS_DIR)/My Photo Gallery.app/My Photo Gallery";
			};
			name = Release;
		};
/* End XCBuildConfiguration section */

/* Begin XCConfigurationList section */
		50D529831B848384006AAA2F /* Build configuration list for PBXProject "My Photo Gallery" */ = {
			isa = XCConfigurationList;
			buildConfigurations = (
				50D529A91B848385006AAA2F /* Debug */,
				50D529AA1B848385006AAA2F /* Release */,
			);
			defaultConfigurationIsVisible = 0;
			defaultConfigurationName = Release;
		};
		50D529AB1B848385006AAA2F /* Build configuration list for PBXNativeTarget "My Photo Gallery" */ = {
			isa = XCConfigurationList;
			buildConfigurations = (
				50D529AC1B848385006AAA2F /* Debug */,
				50D529AD1B848385006AAA2F /* Release */,
			);
			defaultConfigurationIsVisible = 0;
		};
		50D529AE1B848385006AAA2F /* Build configuration list for PBXNativeTarget "My Photo GalleryTests" */ = {
			isa = XCConfigurationList;
			buildConfigurations = (
				50D529AF1B848385006AAA2F /* Debug */,
				50D529B01B848385006AAA2F /* Release */,
			);
			defaultConfigurationIsVisible = 0;
		};
/* End XCConfigurationList section */
	};
	rootObject = 50D529801B848384006AAA2F /* Project object */;
}
